
Microsoft Visual Studio Solution File, Format Version 12.00
# Visual Studio Version 17
VisualStudioVersion = 17.0.31903.59
MinimumVisualStudioVersion = 10.0.40219.1
Project("{2150E333-8FDC-42A3-9474-1A3956D46DE8}") = "src", "src", "{DCCA1DBC-CA2F-454E-A873-80114EBC9B15}"
EndProject
Project("{FAE04EC0-301F-11D3-BF4B-00C04F79EFBC}") = "AuctionService", "src\AuctionService\AuctionService.csproj", "{09A4277A-B912-4FAE-9313-9DD925D13A7D}"
EndProject
Project("{FAE04EC0-301F-11D3-BF4B-00C04F79EFBC}") = "SearchService", "src\SearchService\SearchService.csproj", "{EE42F8F8-2A59-44C3-BAB4-AC1A87CC38C7}"
EndProject
Project("{FAE04EC0-301F-11D3-BF4B-00C04F79EFBC}") = "Contracts", "src\Contracts\Contracts.csproj", "{0C09AAC3-0C6A-493A-9F6E-3DA0525F0FAB}"
EndProject
Project("{FAE04EC0-301F-11D3-BF4B-00C04F79EFBC}") = "IdentityService", "src\IdentityService\IdentityService.csproj", "{C48C06F7-CD95-4924-9D10-357B9B2960BB}"
EndProject
Global
	GlobalSection(SolutionConfigurationPlatforms) = preSolution
		Debug|Any CPU = Debug|Any CPU
		Release|Any CPU = Release|Any CPU
	EndGlobalSection
	GlobalSection(SolutionProperties) = preSolution
		HideSolutionNode = FALSE
	EndGlobalSection
	GlobalSection(ProjectConfigurationPlatforms) = postSolution
		{09A4277A-B912-4FAE-9313-9DD925D13A7D}.Debug|Any CPU.ActiveCfg = Debug|Any CPU
		{09A4277A-B912-4FAE-9313-9DD925D13A7D}.Debug|Any CPU.Build.0 = Debug|Any CPU
		{09A4277A-B912-4FAE-9313-9DD925D13A7D}.Release|Any CPU.ActiveCfg = Release|Any CPU
		{09A4277A-B912-4FAE-9313-9DD925D13A7D}.Release|Any CPU.Build.0 = Release|Any CPU
		{EE42F8F8-2A59-44C3-BAB4-AC1A87CC38C7}.Debug|Any CPU.ActiveCfg = Debug|Any CPU
		{EE42F8F8-2A59-44C3-BAB4-AC1A87CC38C7}.Debug|Any CPU.Build.0 = Debug|Any CPU
		{EE42F8F8-2A59-44C3-BAB4-AC1A87CC38C7}.Release|Any CPU.ActiveCfg = Release|Any CPU
		{EE42F8F8-2A59-44C3-BAB4-AC1A87CC38C7}.Release|Any CPU.Build.0 = Release|Any CPU
		{0C09AAC3-0C6A-493A-9F6E-3DA0525F0FAB}.Debug|Any CPU.ActiveCfg = Debug|Any CPU
		{0C09AAC3-0C6A-493A-9F6E-3DA0525F0FAB}.Debug|Any CPU.Build.0 = Debug|Any CPU
		{0C09AAC3-0C6A-493A-9F6E-3DA0525F0FAB}.Release|Any CPU.ActiveCfg = Release|Any CPU
		{0C09AAC3-0C6A-493A-9F6E-3DA0525F0FAB}.Release|Any CPU.Build.0 = Release|Any CPU
		{C48C06F7-CD95-4924-9D10-357B9B2960BB}.Debug|Any CPU.ActiveCfg = Debug|Any CPU
		{C48C06F7-CD95-4924-9D10-357B9B2960BB}.Debug|Any CPU.Build.0 = Debug|Any CPU
		{C48C06F7-CD95-4924-9D10-357B9B2960BB}.Release|Any CPU.ActiveCfg = Release|Any CPU
		{C48C06F7-CD95-4924-9D10-357B9B2960BB}.Release|Any CPU.Build.0 = Release|Any CPU
	EndGlobalSection
	GlobalSection(NestedProjects) = preSolution
		{09A4277A-B912-4FAE-9313-9DD925D13A7D} = {DCCA1DBC-CA2F-454E-A873-80114EBC9B15}
		{EE42F8F8-2A59-44C3-BAB4-AC1A87CC38C7} = {DCCA1DBC-CA2F-454E-A873-80114EBC9B15}
		{0C09AAC3-0C6A-493A-9F6E-3DA0525F0FAB} = {DCCA1DBC-CA2F-454E-A873-80114EBC9B15}
		{C48C06F7-CD95-4924-9D10-357B9B2960BB} = {DCCA1DBC-CA2F-454E-A873-80114EBC9B15}
	EndGlobalSection
EndGlobal
